// !$*UTF8*$!
{
	archiveVersion = 1;
	classes = {
	};
	objectVersion = 50;
	objects = {

/* Begin PBXBuildFile section */
		4E2F56A425153EB40042AA50 /* AppDelegate.swift in Sources */ = {isa = PBXBuildFile; fileRef = 4E2F56A325153EB40042AA50 /* AppDelegate.swift */; };
		4E2F56A625153EB40042AA50 /* SceneDelegate.swift in Sources */ = {isa = PBXBuildFile; fileRef = 4E2F56A525153EB40042AA50 /* SceneDelegate.swift */; };
		4E2F56A825153EB40042AA50 /* ContentView.swift in Sources */ = {isa = PBXBuildFile; fileRef = 4E2F56A725153EB40042AA50 /* ContentView.swift */; };
		4E2F56AA25153EBC0042AA50 /* Assets.xcassets in Resources */ = {isa = PBXBuildFile; fileRef = 4E2F56A925153EBC0042AA50 /* Assets.xcassets */; };
		4E2F56AD25153EBC0042AA50 /* Preview Assets.xcassets in Resources */ = {isa = PBXBuildFile; fileRef = 4E2F56AC25153EBC0042AA50 /* Preview Assets.xcassets */; };
		4E2F56B025153EBC0042AA50 /* LaunchScreen.storyboard in Resources */ = {isa = PBXBuildFile; fileRef = 4E2F56AE25153EBC0042AA50 /* LaunchScreen.storyboard */; };
		4E2F56B9251541A80042AA50 /* Pacifico-Regular.ttf in Resources */ = {isa = PBXBuildFile; fileRef = 4E2F56B8251541A80042AA50 /* Pacifico-Regular.ttf */; };
		4E2F56BB25154AC30042AA50 /* InfoView.swift in Sources */ = {isa = PBXBuildFile; fileRef = 4E2F56BA25154AC30042AA50 /* InfoView.swift */; };
/* End PBXBuildFile section */

/* Begin PBXFileReference section */
		4E2F56A025153EB40042AA50 /* GurleenCard.app */ = {isa = PBXFileReference; explicitFileType = wrapper.application; includeInIndex = 0; path = GurleenCard.app; sourceTree = BUILT_PRODUCTS_DIR; };
		4E2F56A325153EB40042AA50 /* AppDelegate.swift */ = {isa = PBXFileReference; lastKnownFileType = sourcecode.swift; path = AppDelegate.swift; sourceTree = "<group>"; };
		4E2F56A525153EB40042AA50 /* SceneDelegate.swift */ = {isa = PBXFileReference; lastKnownFileType = sourcecode.swift; path = SceneDelegate.swift; sourceTree = "<group>"; };
		4E2F56A725153EB40042AA50 /* ContentView.swift */ = {isa = PBXFileReference; lastKnownFileType = sourcecode.swift; path = ContentView.swift; sourceTree = "<group>"; };
		4E2F56A925153EBC0042AA50 /* Assets.xcassets */ = {isa = PBXFileReference; lastKnownFileType = folder.assetcatalog; path = Assets.xcassets; sourceTree = "<group>"; };
		4E2F56AC25153EBC0042AA50 /* Preview Assets.xcassets */ = {isa = PBXFileReference; lastKnownFileType = folder.assetcatalog; path = "Preview Assets.xcassets"; sourceTree = "<group>"; };
		4E2F56AF25153EBC0042AA50 /* Base */ = {isa = PBXFileReference; lastKnownFileType = file.storyboard; name = Base; path = Base.lproj/LaunchScreen.storyboard; sourceTree = "<group>"; };
		4E2F56B125153EBC0042AA50 /* Info.plist */ = {isa = PBXFileReference; lastKnownFileType = text.plist.xml; path = Info.plist; sourceTree = "<group>"; };
		4E2F56B8251541A80042AA50 /* Pacifico-Regular.ttf */ = {isa = PBXFileReference; lastKnownFileType = file; path = "Pacifico-Regular.ttf"; sourceTree = "<group>"; };
		4E2F56BA25154AC30042AA50 /* InfoView.swift */ = {isa = PBXFileReference; lastKnownFileType = sourcecode.swift; path = InfoView.swift; sourceTree = "<group>"; };
/* End PBXFileReference section */

/* Begin PBXFrameworksBuildPhase section */
		4E2F569D25153EB40042AA50 /* Frameworks */ = {
			isa = PBXFrameworksBuildPhase;
			buildActionMask = 2147483647;
			files = (
			);
			runOnlyForDeploymentPostprocessing = 0;
		};
/* End PBXFrameworksBuildPhase section */

/* Begin PBXGroup section */
		4E2F569725153EB40042AA50 = {
			isa = PBXGroup;
			children = (
				4E2F56A225153EB40042AA50 /* GurleenCard */,
				4E2F56A125153EB40042AA50 /* Products */,
			);
			sourceTree = "<group>";
		};
		4E2F56A125153EB40042AA50 /* Products */ = {
			isa = PBXGroup;
			children = (
				4E2F56A025153EB40042AA50 /* GurleenCard.app */,
			);
			name = Products;
			sourceTree = "<group>";
		};
		4E2F56A225153EB40042AA50 /* GurleenCard */ = {
			isa = PBXGroup;
			children = (
				4E2F56B72515418E0042AA50 /* Fonts */,
				4E2F56A325153EB40042AA50 /* AppDelegate.swift */,
				4E2F56A525153EB40042AA50 /* SceneDelegate.swift */,
				4E2F56A725153EB40042AA50 /* ContentView.swift */,
				4E2F56BA25154AC30042AA50 /* InfoView.swift */,
				4E2F56A925153EBC0042AA50 /* Assets.xcassets */,
				4E2F56AE25153EBC0042AA50 /* LaunchScreen.storyboard */,
				4E2F56B125153EBC0042AA50 /* Info.plist */,
				4E2F56AB25153EBC0042AA50 /* Preview Content */,
			);
			path = GurleenCard;
			sourceTree = "<group>";
		};
		4E2F56AB25153EBC0042AA50 /* Preview Content */ = {
			isa = PBXGroup;
			children = (
				4E2F56AC25153EBC0042AA50 /* Preview Assets.xcassets */,
			);
			path = "Preview Content";
			sourceTree = "<group>";
		};
		4E2F56B72515418E0042AA50 /* Fonts */ = {
			isa = PBXGroup;
			children = (
				4E2F56B8251541A80042AA50 /* Pacifico-Regular.ttf */,
			);
			path = Fonts;
			sourceTree = "<group>";
		};
/* End PBXGroup section */

/* Begin PBXNativeTarget section */
		4E2F569F25153EB40042AA50 /* GurleenCard */ = {
			isa = PBXNativeTarget;
			buildConfigurationList = 4E2F56B425153EBC0042AA50 /* Build configuration list for PBXNativeTarget "GurleenCard" */;
			buildPhases = (
				4E2F569C25153EB40042AA50 /* Sources */,
				4E2F569D25153EB40042AA50 /* Frameworks */,
				4E2F569E25153EB40042AA50 /* Resources */,
			);
			buildRules = (
			);
			dependencies = (
			);
			name = GurleenCard;
			productName = GurleenCard;
			productReference = 4E2F56A025153EB40042AA50 /* GurleenCard.app */;
			productType = "com.apple.product-type.application";
		};
/* End PBXNativeTarget section */

/* Begin PBXProject section */
		4E2F569825153EB40042AA50 /* Project object */ = {
			isa = PBXProject;
			attributes = {
				LastSwiftUpdateCheck = 1170;
				LastUpgradeCheck = 1170;
				ORGANIZATIONNAME = "gurleen kaur";
				TargetAttributes = {
					4E2F569F25153EB40042AA50 = {
						CreatedOnToolsVersion = 11.7;
					};
				};
			};
			buildConfigurationList = 4E2F569B25153EB40042AA50 /* Build configuration list for PBXProject "GurleenCard" */;
			compatibilityVersion = "Xcode 9.3";
			developmentRegion = en;
			hasScannedForEncodings = 0;
			knownRegions = (
				en,
				Base,
			);
			mainGroup = 4E2F569725153EB40042AA50;
			productRefGroup = 4E2F56A125153EB40042AA50 /* Products */;
			projectDirPath = "";
			projectRoot = "";
			targets = (
				4E2F569F25153EB40042AA50 /* GurleenCard */,
			);
		};
/* End PBXProject section */

/* Begin PBXResourcesBuildPhase section */
		4E2F569E25153EB40042AA50 /* Resources */ = {
			isa = PBXResourcesBuildPhase;
			buildActionMask = 2147483647;
			files = (
				4E2F56B025153EBC0042AA50 /* LaunchScreen.storyboard in Resources */,
				4E2F56B9251541A80042AA50 /* Pacifico-Regular.ttf in Resources */,
				4E2F56AD25153EBC0042AA50 /* Preview Assets.xcassets in Resources */,
				4E2F56AA25153EBC0042AA50 /* Assets.xcassets in Resources */,
			);
			runOnlyForDeploymentPostprocessing = 0;
		};
/* End PBXResourcesBuildPhase section */

/* Begin PBXSourcesBuildPhase section */
		4E2F569C25153EB40042AA50 /* Sources */ = {
			isa = PBXSourcesBuildPhase;
			buildActionMask = 2147483647;
			files = (
				4E2F56BB25154AC30042AA50 /* InfoView.swift in Sources */,
				4E2F56A425153EB40042AA50 /* AppDelegate.swift in Sources */,
				4E2F56A625153EB40042AA50 /* SceneDelegate.swift in Sources */,
				4E2F56A825153EB40042AA50 /* ContentView.swift in Sources */,
			);
			runOnlyForDeploymentPostprocessing = 0;
		};
/* End PBXSourcesBuildPhase section */

/* Begin PBXVariantGroup section */
		4E2F56AE25153EBC0042AA50 /* LaunchScreen.storyboard */ = {
			isa = PBXVariantGroup;
			children = (
				4E2F56AF25153EBC0042AA50 /* Base */,
			);
			name = LaunchScreen.storyboard;
			sourceTree = "<group>";
		};
/* End PBXVariantGroup section */

/* Begin XCBuildConfiguration section */
		4E2F56B225153EBC0042AA50 /* Debug */ = {
			isa = XCBuildConfiguration;
			buildSettings = {
				ALWAYS_SEARCH_USER_PATHS = NO;
				CLANG_ANALYZER_NONNULL = YES;
				CLANG_ANALYZER_NUMBER_OBJECT_CONVERSION = YES_AGGRESSIVE;
				CLANG_CXX_LANGUAGE_STANDARD = "gnu++14";
				CLANG_CXX_LIBRARY = "libc++";
				CLANG_ENABLE_MODULES = YES;
				CLANG_ENABLE_OBJC_ARC = YES;
				CLANG_ENABLE_OBJC_WEAK = YES;
				CLANG_WARN_BLOCK_CAPTURE_AUTORELEASING = YES;
				CLANG_WARN_BOOL_CONVERSION = YES;
				CLANG_WARN_COMMA = YES;
				CLANG_WARN_CONSTANT_CONVERSION = YES;
				CLANG_WARN_DEPRECATED_OBJC_IMPLEMENTATIONS = YES;
				CLANG_WARN_DIRECT_OBJC_ISA_USAGE = YES_ERROR;
				CLANG_WARN_DOCUMENTATION_COMMENTS = YES;
				CLANG_WARN_EMPTY_BODY = YES;
				CLANG_WARN_ENUM_CONVERSION = YES;
				CLANG_WARN_INFINITE_RECURSION = YES;
				CLANG_WARN_INT_CONVERSION = YES;
				CLANG_WARN_NON_LITERAL_NULL_CONVERSION = YES;
				CLANG_WARN_OBJC_IMPLICIT_RETAIN_SELF = YES;
				CLANG_WARN_OBJC_LITERAL_CONVERSION = YES;
				CLANG_WARN_OBJC_ROOT_CLASS = YES_ERROR;
				CLANG_WARN_RANGE_LOOP_ANALYSIS = YES;
				CLANG_WARN_STRICT_PROTOTYPES = YES;
				CLANG_WARN_SUSPICIOUS_MOVE = YES;
				CLANG_WARN_UNGUARDED_AVAILABILITY = YES_AGGRESSIVE;
				CLANG_WARN_UNREACHABLE_CODE = YES;
				CLANG_WARN__DUPLICATE_METHOD_MATCH = YES;
				COPY_PHASE_STRIP = NO;
				DEBUG_INFORMATION_FORMAT = dwarf;
				ENABLE_STRICT_OBJC_MSGSEND = YES;
				ENABLE_TESTABILITY = YES;
				GCC_C_LANGUAGE_STANDARD = gnu11;
				GCC_DYNAMIC_NO_PIC = NO;
				GCC_NO_COMMON_BLOCKS = YES;
				GCC_OPTIMIZATION_LEVEL = 0;
				GCC_PREPROCESSOR_DEFINITIONS = (
					"DEBUG=1",
					"$(inherited)",
				);
				GCC_WARN_64_TO_32_BIT_CONVERSION = YES;
				GCC_WARN_ABOUT_RETURN_TYPE = YES_ERROR;
				GCC_WARN_UNDECLARED_SELECTOR = YES;
				GCC_WARN_UNINITIALIZED_AUTOS = YES_AGGRESSIVE;
				GCC_WARN_UNUSED_FUNCTION = YES;
				GCC_WARN_UNUSED_VARIABLE = YES;
				IPHONEOS_DEPLOYMENT_TARGET = 13.7;
				MTL_ENABLE_DEBUG_INFO = INCLUDE_SOURCE;
				MTL_FAST_MATH = YES;
				ONLY_ACTIVE_ARCH = YES;
				SDKROOT = iphoneos;
				SWIFT_ACTIVE_COMPILATION_CONDITIONS = DEBUG;
				SWIFT_OPTIMIZATION_LEVEL = "-Onone";
			};
			name = Debug;
		};
		4E2F56B325153EBC0042AA50 /* Release */ = {
			isa = XCBuildConfiguration;
			buildSettings = {
				ALWAYS_SEARCH_USER_PATHS = NO;
				CLANG_ANALYZER_NONNULL = YES;
				CLANG_ANALYZER_NUMBER_OBJECT_CONVERSION = YES_AGGRESSIVE;
				CLANG_CXX_LANGUAGE_STANDARD = "gnu++14";
				CLANG_CXX_LIBRARY = "libc++";
				CLANG_ENABLE_MODULES = YES;
				CLANG_ENABLE_OBJC_ARC = YES;
				CLANG_ENABLE_OBJC_WEAK = YES;
				CLANG_WARN_BLOCK_CAPTURE_AUTORELEASING = YES;
				CLANG_WARN_BOOL_CONVERSION = YES;
				CLANG_WARN_COMMA = YES;
				CLANG_WARN_CONSTANT_CONVERSION = YES;
				CLANG_WARN_DEPRECATED_OBJC_IMPLEMENTATIONS = YES;
				CLANG_WARN_DIRECT_OBJC_ISA_USAGE = YES_ERROR;
				CLANG_WARN_DOCUMENTATION_COMMENTS = YES;
				CLANG_WARN_EMPTY_BODY = YES;
				CLANG_WARN_ENUM_CONVERSION = YES;
				CLANG_WARN_INFINITE_RECURSION = YES;
				CLANG_WARN_INT_CONVERSION = YES;
				CLANG_WARN_NON_LITERAL_NULL_CONVERSION = YES;
				CLANG_WARN_OBJC_IMPLICIT_RETAIN_SELF = YES;
				CLANG_WARN_OBJC_LITERAL_CONVERSION = YES;
				CLANG_WARN_OBJC_ROOT_CLASS = YES_ERROR;
				CLANG_WARN_RANGE_LOOP_ANALYSIS = YES;
				CLANG_WARN_STRICT_PROTOTYPES = YES;
				CLANG_WARN_SUSPICIOUS_MOVE = YES;
				CLANG_WARN_UNGUARDED_AVAILABILITY = YES_AGGRESSIVE;
				CLANG_WARN_UNREACHABLE_CODE = YES;
				CLANG_WARN__DUPLICATE_METHOD_MATCH = YES;
				COPY_PHASE_STRIP = NO;
				DEBUG_INFORMATION_FORMAT = "dwarf-with-dsym";
				ENABLE_NS_ASSERTIONS = NO;
				ENABLE_STRICT_OBJC_MSGSEND = YES;
				GCC_C_LANGUAGE_STANDARD = gnu11;
				GCC_NO_COMMON_BLOCKS = YES;
				GCC_WARN_64_TO_32_BIT_CONVERSION = YES;
				GCC_WARN_ABOUT_RETURN_TYPE = YES_ERROR;
				GCC_WARN_UNDECLARED_SELECTOR = YES;
				GCC_WARN_UNINITIALIZED_AUTOS = YES_AGGRESSIVE;
				GCC_WARN_UNUSED_FUNCTION = YES;
				GCC_WARN_UNUSED_VARIABLE = YES;
				IPHONEOS_DEPLOYMENT_TARGET = 13.7;
				MTL_ENABLE_DEBUG_INFO = NO;
				MTL_FAST_MATH = YES;
				SDKROOT = iphoneos;
				SWIFT_COMPILATION_MODE = wholemodule;
				SWIFT_OPTIMIZATION_LEVEL = "-O";
				VALIDATE_PRODUCT = YES;
			};
			name = Release;
		};
		4E2F56B525153EBC0042AA50 /* Debug */ = {
			isa = XCBuildConfiguration;
			buildSettings = {
				ASSETCATALOG_COMPILER_APPICON_NAME = AppIcon;
				CODE_SIGN_STYLE = Automatic;
				DEVELOPMENT_ASSET_PATHS = "\"GurleenCard/Preview Content\"";
				DEVELOPMENT_TEAM = 983CJZ7K7U;
				ENABLE_PREVIEWS = YES;
				INFOPLIST_FILE = GurleenCard/Info.plist;
				LD_RUNPATH_SEARCH_PATHS = (
					"$(inherited)",
					"@executable_path/Frameworks",
				);
				PRODUCT_BUNDLE_IDENTIFIER = gurleenkaur.com.GurleenCard;
				PRODUCT_NAME = "$(TARGET_NAME)";
				SWIFT_VERSION = 5.0;
				TARGETED_DEVICE_FAMILY = "1,2";
			};
			name = Debug;
		};
		4E2F56B625153EBC0042AA50 /* Release */ = {
			isa = XCBuildConfiguration;
			buildSettings = {
				ASSETCATALOG_COMPILER_APPICON_NAME = AppIcon;
				CODE_SIGN_STYLE = Automatic;
				DEVELOPMENT_ASSET_PATHS = "\"GurleenCard/Preview Content\"";
				DEVELOPMENT_TEAM = 983CJZ7K7U;
				ENABLE_PREVIEWS = YES;
				INFOPLIST_FILE = GurleenCard/Info.plist;
				LD_RUNPATH_SEARCH_PATHS = (
					"$(inherited)",
					"@executable_path/Frameworks",
				);
				PRODUCT_BUNDLE_IDENTIFIER = gurleenkaur.com.GurleenCard;
				PRODUCT_NAME = "$(TARGET_NAME)";
				SWIFT_VERSION = 5.0;
				TARGETED_DEVICE_FAMILY = "1,2";
			};
			name = Release;
		};
/* End XCBuildConfiguration section */

/* Begin XCConfigurationList section */
		4E2F569B25153EB40042AA50 /* Build configuration list for PBXProject "GurleenCard" */ = {
			isa = XCConfigurationList;
			buildConfigurations = (
				4E2F56B225153EBC0042AA50 /* Debug */,
				4E2F56B325153EBC0042AA50 /* Release */,
			);
			defaultConfigurationIsVisible = 0;
			defaultConfigurationName = Release;
		};
		4E2F56B425153EBC0042AA50 /* Build configuration list for PBXNativeTarget "GurleenCard" */ = {
			isa = XCConfigurationList;
			buildConfigurations = (
				4E2F56B525153EBC0042AA50 /* Debug */,
				4E2F56B625153EBC0042AA50 /* Release */,
			);
			defaultConfigurationIsVisible = 0;
			defaultConfigurationName = Release;
		};
/* End XCConfigurationList section */
	};
	rootObject = 4E2F569825153EB40042AA50 /* Project object */;
}
